
Microsoft Visual Studio Solution File, Format Version 12.00
# Visual Studio Version 17
VisualStudioVersion = 17.3.32819.101
MinimumVisualStudioVersion = 10.0.40219.1
Project("{FAE04EC0-301F-11D3-BF4B-00C04F79EFBC}") = "eingabevalidierung", "eingabevalidierung\eingabevalidierung.csproj", "{4C690005-65A8-4824-8C95-4160E456754C}"
EndProject
Global
	GlobalSection(SolutionConfigurationPlatforms) = preSolution
		Debug|Any CPU = Debug|Any CPU
		Release|Any CPU = Release|Any CPU
	EndGlobalSection
	GlobalSection(ProjectConfigurationPlatforms) = postSolution
		{4C690005-65A8-4824-8C95-4160E456754C}.Debug|Any CPU.ActiveCfg = Debug|Any CPU
		{4C690005-65A8-4824-8C95-4160E456754C}.Debug|Any CPU.Build.0 = Debug|Any CPU
		{4C690005-65A8-4824-8C95-4160E456754C}.Release|Any CPU.ActiveCfg = Release|Any CPU
		{4C690005-65A8-4824-8C95-4160E456754C}.Release|Any CPU.Build.0 = Release|Any CPU
	EndGlobalSection
	GlobalSection(SolutionProperties) = preSolution
		HideSolutionNode = FALSE
	EndGlobalSection
	GlobalSection(ExtensibilityGlobals) = postSolution
		SolutionGuid = {FDDF515E-73D6-4212-85EF-0D221FC93F6C}
	EndGlobalSection
EndGlobal
